Microsoft Visual Studio Solution File, Format Version 11.00
# Visual Studio 2008

Project("{6DC137D6-9D64-E7DB-9D4C-411F6CF280FC}") = "Battle-master", "Assembly-CSharp.csproj", "{C03F1294-FB9A-6035-5490-475999F6B735}"
EndProject
Project("{6DC137D6-9D64-E7DB-9D4C-411F6CF280FC}") = "Battle-master", "Assembly-CSharp-Editor.csproj", "{73732E82-3EBC-67D2-A11F-B26B86A986BB}"
EndProject
Global
	GlobalSection(SolutionConfigurationPlatforms) = preSolution
		Debug|Any CPU = Debug|Any CPU
		Release|Any CPU = Release|Any CPU
	EndGlobalSection
	GlobalSection(ProjectConfigurationPlatforms) = postSolution
		{C03F1294-FB9A-6035-5490-475999F6B735}.Debug|Any CPU.ActiveCfg = Debug|Any CPU
		{C03F1294-FB9A-6035-5490-475999F6B735}.Debug|Any CPU.Build.0 = Debug|Any CPU
		{C03F1294-FB9A-6035-5490-475999F6B735}.Release|Any CPU.ActiveCfg = Release|Any CPU
		{C03F1294-FB9A-6035-5490-475999F6B735}.Release|Any CPU.Build.0 = Release|Any CPU
		{73732E82-3EBC-67D2-A11F-B26B86A986BB}.Debug|Any CPU.ActiveCfg = Debug|Any CPU
		{73732E82-3EBC-67D2-A11F-B26B86A986BB}.Debug|Any CPU.Build.0 = Debug|Any CPU
		{73732E82-3EBC-67D2-A11F-B26B86A986BB}.Release|Any CPU.ActiveCfg = Release|Any CPU
		{73732E82-3EBC-67D2-A11F-B26B86A986BB}.Release|Any CPU.Build.0 = Release|Any CPU
	EndGlobalSection
	GlobalSection(SolutionProperties) = preSolution
		HideSolutionNode = FALSE
	EndGlobalSection
																																	GlobalSection(MonoDevelopProperties) = preSolution
		StartupItem = Assembly-CSharp.csproj
		Policies = $0
		$0.TextStylePolicy = $1
		$1.inheritsSet = null
		$1.scope = text/x-csharp
		$0.CSharpFormattingPolicy = $2
		$2.inheritsSet = Mono
		$2.inheritsScope = text/x-csharp
		$2.scope = text/x-csharp
		$0.TextStylePolicy = $3
		$3.FileWidth = 120
		$3.TabWidth = 4
		$3.IndentWidth = 4
		$3.EolMarker = Unix
		$3.inheritsSet = Mono
		$3.inheritsScope = text/plain
		$3.scope = text/plain
	EndGlobalSection
EndGlobal
